
Microsoft Visual Studio Solution File, Format Version 12.00
# Visual Studio Version 16
VisualStudioVersion = 16.0.31729.503
MinimumVisualStudioVersion = 10.0.40219.1
Project("{FAE04EC0-301F-11D3-BF4B-00C04F79EFBC}") = "DesafioIterupApi", "DesafioIterupApi\DesafioIterupApi.csproj", "{F72D8197-5801-4B7A-B366-476789C8F5FA}"
EndProject
Global
	GlobalSection(SolutionConfigurationPlatforms) = preSolution
		Debug|Any CPU = Debug|Any CPU
		Release|Any CPU = Release|Any CPU
	EndGlobalSection
	GlobalSection(ProjectConfigurationPlatforms) = postSolution
		{F72D8197-5801-4B7A-B366-476789C8F5FA}.Debug|Any CPU.ActiveCfg = Debug|Any CPU
		{F72D8197-5801-4B7A-B366-476789C8F5FA}.Debug|Any CPU.Build.0 = Debug|Any CPU
		{F72D8197-5801-4B7A-B366-476789C8F5FA}.Release|Any CPU.ActiveCfg = Release|Any CPU
		{F72D8197-5801-4B7A-B366-476789C8F5FA}.Release|Any CPU.Build.0 = Release|Any CPU
	EndGlobalSection
	GlobalSection(SolutionProperties) = preSolution
		HideSolutionNode = FALSE
	EndGlobalSection
	GlobalSection(ExtensibilityGlobals) = postSolution
		SolutionGuid = {30881492-7BEB-44FF-A58B-FA9DC5890041}
	EndGlobalSection
EndGlobal
